
Microsoft Visual Studio Solution File, Format Version 12.00
# Visual Studio Version 17
VisualStudioVersion = 17.10.35027.167
MinimumVisualStudioVersion = 10.0.40219.1
Project("{2150E333-8FDC-42A3-9474-1A3956D46DE8}") = "Src", "Src", "{290B86D6-9B3A-4E65-BE89-B888D99BB0EA}"
EndProject
Project("{2150E333-8FDC-42A3-9474-1A3956D46DE8}") = "1.Domain", "1.Domain", "{0C307CAE-89CE-4648-B8C0-60270CF658E5}"
EndProject
Project("{2150E333-8FDC-42A3-9474-1A3956D46DE8}") = "2.Infra", "2.Infra", "{749E7C56-0CFA-4D6D-810A-929507DDAAD6}"
EndProject
Project("{2150E333-8FDC-42A3-9474-1A3956D46DE8}") = "3.Application", "3.Application", "{99F2991F-81B0-49FA-9755-1F884080D1AC}"
EndProject
Project("{2150E333-8FDC-42A3-9474-1A3956D46DE8}") = "4.Endpoints", "4.Endpoints", "{73458DAB-59E1-44CD-8CE4-100982995BC0}"
EndProject
Project("{2150E333-8FDC-42A3-9474-1A3956D46DE8}") = "Test", "Test", "{79E18C3D-AB33-451C-B801-C8E4753A6312}"
EndProject
Project("{FAE04EC0-301F-11D3-BF4B-00C04F79EFBC}") = "BitPay.Domain", "Src\Domain\BitPay.Domain\BitPay.Domain.csproj", "{1EBBE069-83AC-44BC-B177-7B854EEDD86F}"
EndProject
Project("{FAE04EC0-301F-11D3-BF4B-00C04F79EFBC}") = "BitPay.Infra", "Src\Infra\BitPay.Infra\BitPay.Infra.csproj", "{E75BA53B-138E-4045-9DE8-06A380A60C2D}"
EndProject
Project("{9A19103F-16F7-4668-BE54-9A1E7A4F7556}") = "BitPay.Application", "Src\Application\BitPay.Application\BitPay.Application.csproj", "{6E93E6B5-9F38-4D4C-9DE8-3757AF86B6D6}"
EndProject
Project("{9A19103F-16F7-4668-BE54-9A1E7A4F7556}") = "BitPay.Api", "Src\Endpoints\BitPay.Api\BitPay.Api.csproj", "{A66D5F8B-6D2A-417C-ADDD-C10C95CF982C}"
EndProject
Project("{2150E333-8FDC-42A3-9474-1A3956D46DE8}") = "Framework", "Framework", "{4BC23381-1AA0-463A-9812-3530DC7261FE}"
EndProject
Project("{9A19103F-16F7-4668-BE54-9A1E7A4F7556}") = "AIPFramework", "framework\AIPFramework\AIPFramework.csproj", "{3BA04FA6-1B2E-4FDB-87B1-EB35F4B4B41A}"
EndProject
Global
	GlobalSection(SolutionConfigurationPlatforms) = preSolution
		Debug|Any CPU = Debug|Any CPU
		Release|Any CPU = Release|Any CPU
	EndGlobalSection
	GlobalSection(ProjectConfigurationPlatforms) = postSolution
		{1EBBE069-83AC-44BC-B177-7B854EEDD86F}.Debug|Any CPU.ActiveCfg = Debug|Any CPU
		{1EBBE069-83AC-44BC-B177-7B854EEDD86F}.Debug|Any CPU.Build.0 = Debug|Any CPU
		{1EBBE069-83AC-44BC-B177-7B854EEDD86F}.Release|Any CPU.ActiveCfg = Release|Any CPU
		{1EBBE069-83AC-44BC-B177-7B854EEDD86F}.Release|Any CPU.Build.0 = Release|Any CPU
		{E75BA53B-138E-4045-9DE8-06A380A60C2D}.Debug|Any CPU.ActiveCfg = Debug|Any CPU
		{E75BA53B-138E-4045-9DE8-06A380A60C2D}.Debug|Any CPU.Build.0 = Debug|Any CPU
		{E75BA53B-138E-4045-9DE8-06A380A60C2D}.Release|Any CPU.ActiveCfg = Release|Any CPU
		{E75BA53B-138E-4045-9DE8-06A380A60C2D}.Release|Any CPU.Build.0 = Release|Any CPU
		{6E93E6B5-9F38-4D4C-9DE8-3757AF86B6D6}.Debug|Any CPU.ActiveCfg = Debug|Any CPU
		{6E93E6B5-9F38-4D4C-9DE8-3757AF86B6D6}.Debug|Any CPU.Build.0 = Debug|Any CPU
		{6E93E6B5-9F38-4D4C-9DE8-3757AF86B6D6}.Release|Any CPU.ActiveCfg = Release|Any CPU
		{6E93E6B5-9F38-4D4C-9DE8-3757AF86B6D6}.Release|Any CPU.Build.0 = Release|Any CPU
		{A66D5F8B-6D2A-417C-ADDD-C10C95CF982C}.Debug|Any CPU.ActiveCfg = Debug|Any CPU
		{A66D5F8B-6D2A-417C-ADDD-C10C95CF982C}.Debug|Any CPU.Build.0 = Debug|Any CPU
		{A66D5F8B-6D2A-417C-ADDD-C10C95CF982C}.Release|Any CPU.ActiveCfg = Release|Any CPU
		{A66D5F8B-6D2A-417C-ADDD-C10C95CF982C}.Release|Any CPU.Build.0 = Release|Any CPU
		{3BA04FA6-1B2E-4FDB-87B1-EB35F4B4B41A}.Debug|Any CPU.ActiveCfg = Debug|Any CPU
		{3BA04FA6-1B2E-4FDB-87B1-EB35F4B4B41A}.Debug|Any CPU.Build.0 = Debug|Any CPU
		{3BA04FA6-1B2E-4FDB-87B1-EB35F4B4B41A}.Release|Any CPU.ActiveCfg = Release|Any CPU
		{3BA04FA6-1B2E-4FDB-87B1-EB35F4B4B41A}.Release|Any CPU.Build.0 = Release|Any CPU
	EndGlobalSection
	GlobalSection(SolutionProperties) = preSolution
		HideSolutionNode = FALSE
	EndGlobalSection
	GlobalSection(NestedProjects) = preSolution
		{0C307CAE-89CE-4648-B8C0-60270CF658E5} = {290B86D6-9B3A-4E65-BE89-B888D99BB0EA}
		{749E7C56-0CFA-4D6D-810A-929507DDAAD6} = {290B86D6-9B3A-4E65-BE89-B888D99BB0EA}
		{99F2991F-81B0-49FA-9755-1F884080D1AC} = {290B86D6-9B3A-4E65-BE89-B888D99BB0EA}
		{73458DAB-59E1-44CD-8CE4-100982995BC0} = {290B86D6-9B3A-4E65-BE89-B888D99BB0EA}
		{1EBBE069-83AC-44BC-B177-7B854EEDD86F} = {0C307CAE-89CE-4648-B8C0-60270CF658E5}
		{E75BA53B-138E-4045-9DE8-06A380A60C2D} = {749E7C56-0CFA-4D6D-810A-929507DDAAD6}
		{6E93E6B5-9F38-4D4C-9DE8-3757AF86B6D6} = {99F2991F-81B0-49FA-9755-1F884080D1AC}
		{A66D5F8B-6D2A-417C-ADDD-C10C95CF982C} = {73458DAB-59E1-44CD-8CE4-100982995BC0}
		{3BA04FA6-1B2E-4FDB-87B1-EB35F4B4B41A} = {4BC23381-1AA0-463A-9812-3530DC7261FE}
	EndGlobalSection
	GlobalSection(ExtensibilityGlobals) = postSolution
		SolutionGuid = {4E2C4E44-1C40-45DA-8D99-4D4C71377D26}
	EndGlobalSection
EndGlobal
